
Microsoft Visual Studio Solution File, Format Version 12.00
# Visual Studio 15
VisualStudioVersion = 15.0.27130.2036
MinimumVisualStudioVersion = 10.0.40219.1
Project("{FAE04EC0-301F-11D3-BF4B-00C04F79EFBC}") = "ScannerApp.Android", "ScannerApp\ScannerApp.Android\ScannerApp.Android.csproj", "{5144BD1A-BF25-48A5-8A89-A68BC5549BFB}"
EndProject
Project("{FAE04EC0-301F-11D3-BF4B-00C04F79EFBC}") = "ScannerApp.iOS", "ScannerApp\ScannerApp.iOS\ScannerApp.iOS.csproj", "{F722EA81-FC39-4832-BFED-16696B1C40D4}"
EndProject
Project("{9A19103F-16F7-4668-BE54-9A1E7A4F7556}") = "ScannerApp", "ScannerApp\ScannerApp\ScannerApp.csproj", "{00EAD4EB-7CFE-4B57-9A3B-37F94E0D6C9E}"
EndProject
Project("{9A19103F-16F7-4668-BE54-9A1E7A4F7556}") = "ScannerApp.Backend", "ScannerApp.Backend\ScannerApp.Backend.csproj", "{50533BB3-1077-4E07-90C6-13B2C2F159C8}"
EndProject
Project("{2150E333-8FDC-42A3-9474-1A3956D46DE8}") = "Backend", "Backend", "{C9661E0D-6828-458B-9961-BB011D5F38CF}"
EndProject
Project("{2150E333-8FDC-42A3-9474-1A3956D46DE8}") = "Shared", "Shared", "{110F6095-12EA-49E8-A679-156E0D3C3E4A}"
EndProject
Project("{2150E333-8FDC-42A3-9474-1A3956D46DE8}") = "Targets", "Targets", "{4B21E731-CFF5-4A70-A89A-9CC8927838DB}"
EndProject
Project("{2150E333-8FDC-42A3-9474-1A3956D46DE8}") = "Model", "Model", "{8CF6C70F-8164-4E4F-926E-B870E76C2074}"
EndProject
Global
	GlobalSection(SolutionConfigurationPlatforms) = preSolution
		Ad-Hoc|Any CPU = Ad-Hoc|Any CPU
		Ad-Hoc|iPhone = Ad-Hoc|iPhone
		Ad-Hoc|iPhoneSimulator = Ad-Hoc|iPhoneSimulator
		AppStore|Any CPU = AppStore|Any CPU
		AppStore|iPhone = AppStore|iPhone
		AppStore|iPhoneSimulator = AppStore|iPhoneSimulator
		Debug|Any CPU = Debug|Any CPU
		Debug|iPhone = Debug|iPhone
		Debug|iPhoneSimulator = Debug|iPhoneSimulator
		Release|Any CPU = Release|Any CPU
		Release|iPhone = Release|iPhone
		Release|iPhoneSimulator = Release|iPhoneSimulator
	EndGlobalSection
	GlobalSection(ProjectConfigurationPlatforms) = postSolution
		{5144BD1A-BF25-48A5-8A89-A68BC5549BFB}.Ad-Hoc|Any CPU.ActiveCfg = Release|Any CPU
		{5144BD1A-BF25-48A5-8A89-A68BC5549BFB}.Ad-Hoc|Any CPU.Build.0 = Release|Any CPU
		{5144BD1A-BF25-48A5-8A89-A68BC5549BFB}.Ad-Hoc|Any CPU.Deploy.0 = Release|Any CPU
		{5144BD1A-BF25-48A5-8A89-A68BC5549BFB}.Ad-Hoc|iPhone.ActiveCfg = Release|Any CPU
		{5144BD1A-BF25-48A5-8A89-A68BC5549BFB}.Ad-Hoc|iPhone.Build.0 = Release|Any CPU
		{5144BD1A-BF25-48A5-8A89-A68BC5549BFB}.Ad-Hoc|iPhone.Deploy.0 = Release|Any CPU
		{5144BD1A-BF25-48A5-8A89-A68BC5549BFB}.Ad-Hoc|iPhoneSimulator.ActiveCfg = Release|Any CPU
		{5144BD1A-BF25-48A5-8A89-A68BC5549BFB}.Ad-Hoc|iPhoneSimulator.Build.0 = Release|Any CPU
		{5144BD1A-BF25-48A5-8A89-A68BC5549BFB}.Ad-Hoc|iPhoneSimulator.Deploy.0 = Release|Any CPU
		{5144BD1A-BF25-48A5-8A89-A68BC5549BFB}.AppStore|Any CPU.ActiveCfg = Release|Any CPU
		{5144BD1A-BF25-48A5-8A89-A68BC5549BFB}.AppStore|Any CPU.Build.0 = Release|Any CPU
		{5144BD1A-BF25-48A5-8A89-A68BC5549BFB}.AppStore|Any CPU.Deploy.0 = Release|Any CPU
		{5144BD1A-BF25-48A5-8A89-A68BC5549BFB}.AppStore|iPhone.ActiveCfg = Release|Any CPU
		{5144BD1A-BF25-48A5-8A89-A68BC5549BFB}.AppStore|iPhone.Build.0 = Release|Any CPU
		{5144BD1A-BF25-48A5-8A89-A68BC5549BFB}.AppStore|iPhone.Deploy.0 = Release|Any CPU
		{5144BD1A-BF25-48A5-8A89-A68BC5549BFB}.AppStore|iPhoneSimulator.ActiveCfg = Release|Any CPU
		{5144BD1A-BF25-48A5-8A89-A68BC5549BFB}.AppStore|iPhoneSimulator.Build.0 = Release|Any CPU
		{5144BD1A-BF25-48A5-8A89-A68BC5549BFB}.AppStore|iPhoneSimulator.Deploy.0 = Release|Any CPU
		{5144BD1A-BF25-48A5-8A89-A68BC5549BFB}.Debug|Any CPU.ActiveCfg = Debug|Any CPU
		{5144BD1A-BF25-48A5-8A89-A68BC5549BFB}.Debug|Any CPU.Build.0 = Debug|Any CPU
		{5144BD1A-BF25-48A5-8A89-A68BC5549BFB}.Debug|Any CPU.Deploy.0 = Debug|Any CPU
		{5144BD1A-BF25-48A5-8A89-A68BC5549BFB}.Debug|iPhone.ActiveCfg = Debug|Any CPU
		{5144BD1A-BF25-48A5-8A89-A68BC5549BFB}.Debug|iPhone.Build.0 = Debug|Any CPU
		{5144BD1A-BF25-48A5-8A89-A68BC5549BFB}.Debug|iPhone.Deploy.0 = Debug|Any CPU
		{5144BD1A-BF25-48A5-8A89-A68BC5549BFB}.Debug|iPhoneSimulator.ActiveCfg = Debug|Any CPU
		{5144BD1A-BF25-48A5-8A89-A68BC5549BFB}.Debug|iPhoneSimulator.Build.0 = Debug|Any CPU
		{5144BD1A-BF25-48A5-8A89-A68BC5549BFB}.Debug|iPhoneSimulator.Deploy.0 = Debug|Any CPU
		{5144BD1A-BF25-48A5-8A89-A68BC5549BFB}.Release|Any CPU.ActiveCfg = Release|Any CPU
		{5144BD1A-BF25-48A5-8A89-A68BC5549BFB}.Release|Any CPU.Build.0 = Release|Any CPU
		{5144BD1A-BF25-48A5-8A89-A68BC5549BFB}.Release|Any CPU.Deploy.0 = Release|Any CPU
		{5144BD1A-BF25-48A5-8A89-A68BC5549BFB}.Release|iPhone.ActiveCfg = Release|Any CPU
		{5144BD1A-BF25-48A5-8A89-A68BC5549BFB}.Release|iPhone.Build.0 = Release|Any CPU
		{5144BD1A-BF25-48A5-8A89-A68BC5549BFB}.Release|iPhone.Deploy.0 = Release|Any CPU
		{5144BD1A-BF25-48A5-8A89-A68BC5549BFB}.Release|iPhoneSimulator.ActiveCfg = Release|Any CPU
		{5144BD1A-BF25-48A5-8A89-A68BC5549BFB}.Release|iPhoneSimulator.Build.0 = Release|Any CPU
		{5144BD1A-BF25-48A5-8A89-A68BC5549BFB}.Release|iPhoneSimulator.Deploy.0 = Release|Any CPU
		{F722EA81-FC39-4832-BFED-16696B1C40D4}.Ad-Hoc|Any CPU.ActiveCfg = Ad-Hoc|iPhone
		{F722EA81-FC39-4832-BFED-16696B1C40D4}.Ad-Hoc|iPhone.ActiveCfg = Ad-Hoc|iPhone
		{F722EA81-FC39-4832-BFED-16696B1C40D4}.Ad-Hoc|iPhone.Build.0 = Ad-Hoc|iPhone
		{F722EA81-FC39-4832-BFED-16696B1C40D4}.Ad-Hoc|iPhoneSimulator.ActiveCfg = Ad-Hoc|iPhoneSimulator
		{F722EA81-FC39-4832-BFED-16696B1C40D4}.Ad-Hoc|iPhoneSimulator.Build.0 = Ad-Hoc|iPhoneSimulator
		{F722EA81-FC39-4832-BFED-16696B1C40D4}.AppStore|Any CPU.ActiveCfg = AppStore|iPhone
		{F722EA81-FC39-4832-BFED-16696B1C40D4}.AppStore|iPhone.ActiveCfg = AppStore|iPhone
		{F722EA81-FC39-4832-BFED-16696B1C40D4}.AppStore|iPhone.Build.0 = AppStore|iPhone
		{F722EA81-FC39-4832-BFED-16696B1C40D4}.AppStore|iPhoneSimulator.ActiveCfg = AppStore|iPhoneSimulator
		{F722EA81-FC39-4832-BFED-16696B1C40D4}.AppStore|iPhoneSimulator.Build.0 = AppStore|iPhoneSimulator
		{F722EA81-FC39-4832-BFED-16696B1C40D4}.Debug|Any CPU.ActiveCfg = Debug|iPhone
		{F722EA81-FC39-4832-BFED-16696B1C40D4}.Debug|iPhone.ActiveCfg = Debug|iPhone
		{F722EA81-FC39-4832-BFED-16696B1C40D4}.Debug|iPhone.Build.0 = Debug|iPhone
		{F722EA81-FC39-4832-BFED-16696B1C40D4}.Debug|iPhoneSimulator.ActiveCfg = Debug|iPhoneSimulator
		{F722EA81-FC39-4832-BFED-16696B1C40D4}.Debug|iPhoneSimulator.Build.0 = Debug|iPhoneSimulator
		{F722EA81-FC39-4832-BFED-16696B1C40D4}.Release|Any CPU.ActiveCfg = Release|iPhone
		{F722EA81-FC39-4832-BFED-16696B1C40D4}.Release|iPhone.ActiveCfg = Release|iPhone
		{F722EA81-FC39-4832-BFED-16696B1C40D4}.Release|iPhone.Build.0 = Release|iPhone
		{F722EA81-FC39-4832-BFED-16696B1C40D4}.Release|iPhoneSimulator.ActiveCfg = Release|iPhoneSimulator
		{F722EA81-FC39-4832-BFED-16696B1C40D4}.Release|iPhoneSimulator.Build.0 = Release|iPhoneSimulator
		{00EAD4EB-7CFE-4B57-9A3B-37F94E0D6C9E}.Ad-Hoc|Any CPU.ActiveCfg = Debug|Any CPU
		{00EAD4EB-7CFE-4B57-9A3B-37F94E0D6C9E}.Ad-Hoc|Any CPU.Build.0 = Debug|Any CPU
		{00EAD4EB-7CFE-4B57-9A3B-37F94E0D6C9E}.Ad-Hoc|iPhone.ActiveCfg = Debug|Any CPU
		{00EAD4EB-7CFE-4B57-9A3B-37F94E0D6C9E}.Ad-Hoc|iPhone.Build.0 = Debug|Any CPU
		{00EAD4EB-7CFE-4B57-9A3B-37F94E0D6C9E}.Ad-Hoc|iPhoneSimulator.ActiveCfg = Debug|Any CPU
		{00EAD4EB-7CFE-4B57-9A3B-37F94E0D6C9E}.Ad-Hoc|iPhoneSimulator.Build.0 = Debug|Any CPU
		{00EAD4EB-7CFE-4B57-9A3B-37F94E0D6C9E}.AppStore|Any CPU.ActiveCfg = Debug|Any CPU
		{00EAD4EB-7CFE-4B57-9A3B-37F94E0D6C9E}.AppStore|Any CPU.Build.0 = Debug|Any CPU
		{00EAD4EB-7CFE-4B57-9A3B-37F94E0D6C9E}.AppStore|iPhone.ActiveCfg = Debug|Any CPU
		{00EAD4EB-7CFE-4B57-9A3B-37F94E0D6C9E}.AppStore|iPhone.Build.0 = Debug|Any CPU
		{00EAD4EB-7CFE-4B57-9A3B-37F94E0D6C9E}.AppStore|iPhoneSimulator.ActiveCfg = Debug|Any CPU
		{00EAD4EB-7CFE-4B57-9A3B-37F94E0D6C9E}.AppStore|iPhoneSimulator.Build.0 = Debug|Any CPU
		{00EAD4EB-7CFE-4B57-9A3B-37F94E0D6C9E}.Debug|Any CPU.ActiveCfg = Debug|Any CPU
		{00EAD4EB-7CFE-4B57-9A3B-37F94E0D6C9E}.Debug|Any CPU.Build.0 = Debug|Any CPU
		{00EAD4EB-7CFE-4B57-9A3B-37F94E0D6C9E}.Debug|iPhone.ActiveCfg = Debug|Any CPU
		{00EAD4EB-7CFE-4B57-9A3B-37F94E0D6C9E}.Debug|iPhone.Build.0 = Debug|Any CPU
		{00EAD4EB-7CFE-4B57-9A3B-37F94E0D6C9E}.Debug|iPhoneSimulator.ActiveCfg = Debug|Any CPU
		{00EAD4EB-7CFE-4B57-9A3B-37F94E0D6C9E}.Debug|iPhoneSimulator.Build.0 = Debug|Any CPU
		{00EAD4EB-7CFE-4B57-9A3B-37F94E0D6C9E}.Release|Any CPU.ActiveCfg = Release|Any CPU
		{00EAD4EB-7CFE-4B57-9A3B-37F94E0D6C9E}.Release|Any CPU.Build.0 = Release|Any CPU
		{00EAD4EB-7CFE-4B57-9A3B-37F94E0D6C9E}.Release|iPhone.ActiveCfg = Release|Any CPU
		{00EAD4EB-7CFE-4B57-9A3B-37F94E0D6C9E}.Release|iPhone.Build.0 = Release|Any CPU
		{00EAD4EB-7CFE-4B57-9A3B-37F94E0D6C9E}.Release|iPhoneSimulator.ActiveCfg = Release|Any CPU
		{00EAD4EB-7CFE-4B57-9A3B-37F94E0D6C9E}.Release|iPhoneSimulator.Build.0 = Release|Any CPU
		{50533BB3-1077-4E07-90C6-13B2C2F159C8}.Ad-Hoc|Any CPU.ActiveCfg = Debug|Any CPU
		{50533BB3-1077-4E07-90C6-13B2C2F159C8}.Ad-Hoc|Any CPU.Build.0 = Debug|Any CPU
		{50533BB3-1077-4E07-90C6-13B2C2F159C8}.Ad-Hoc|iPhone.ActiveCfg = Debug|Any CPU
		{50533BB3-1077-4E07-90C6-13B2C2F159C8}.Ad-Hoc|iPhone.Build.0 = Debug|Any CPU
		{50533BB3-1077-4E07-90C6-13B2C2F159C8}.Ad-Hoc|iPhoneSimulator.ActiveCfg = Debug|Any CPU
		{50533BB3-1077-4E07-90C6-13B2C2F159C8}.Ad-Hoc|iPhoneSimulator.Build.0 = Debug|Any CPU
		{50533BB3-1077-4E07-90C6-13B2C2F159C8}.AppStore|Any CPU.ActiveCfg = Debug|Any CPU
		{50533BB3-1077-4E07-90C6-13B2C2F159C8}.AppStore|Any CPU.Build.0 = Debug|Any CPU
		{50533BB3-1077-4E07-90C6-13B2C2F159C8}.AppStore|iPhone.ActiveCfg = Debug|Any CPU
		{50533BB3-1077-4E07-90C6-13B2C2F159C8}.AppStore|iPhone.Build.0 = Debug|Any CPU
		{50533BB3-1077-4E07-90C6-13B2C2F159C8}.AppStore|iPhoneSimulator.ActiveCfg = Debug|Any CPU
		{50533BB3-1077-4E07-90C6-13B2C2F159C8}.AppStore|iPhoneSimulator.Build.0 = Debug|Any CPU
		{50533BB3-1077-4E07-90C6-13B2C2F159C8}.Debug|Any CPU.ActiveCfg = Debug|Any CPU
		{50533BB3-1077-4E07-90C6-13B2C2F159C8}.Debug|Any CPU.Build.0 = Debug|Any CPU
		{50533BB3-1077-4E07-90C6-13B2C2F159C8}.Debug|iPhone.ActiveCfg = Debug|Any CPU
		{50533BB3-1077-4E07-90C6-13B2C2F159C8}.Debug|iPhone.Build.0 = Debug|Any CPU
		{50533BB3-1077-4E07-90C6-13B2C2F159C8}.Debug|iPhoneSimulator.ActiveCfg = Debug|Any CPU
		{50533BB3-1077-4E07-90C6-13B2C2F159C8}.Debug|iPhoneSimulator.Build.0 = Debug|Any CPU
		{50533BB3-1077-4E07-90C6-13B2C2F159C8}.Release|Any CPU.ActiveCfg = Release|Any CPU
		{50533BB3-1077-4E07-90C6-13B2C2F159C8}.Release|Any CPU.Build.0 = Release|Any CPU
		{50533BB3-1077-4E07-90C6-13B2C2F159C8}.Release|iPhone.ActiveCfg = Release|Any CPU
		{50533BB3-1077-4E07-90C6-13B2C2F159C8}.Release|iPhone.Build.0 = Release|Any CPU
		{50533BB3-1077-4E07-90C6-13B2C2F159C8}.Release|iPhoneSimulator.ActiveCfg = Release|Any CPU
		{50533BB3-1077-4E07-90C6-13B2C2F159C8}.Release|iPhoneSimulator.Build.0 = Release|Any CPU
	EndGlobalSection
	GlobalSection(SolutionProperties) = preSolution
		HideSolutionNode = FALSE
	EndGlobalSection
	GlobalSection(NestedProjects) = preSolution
		{5144BD1A-BF25-48A5-8A89-A68BC5549BFB} = {4B21E731-CFF5-4A70-A89A-9CC8927838DB}
		{F722EA81-FC39-4832-BFED-16696B1C40D4} = {4B21E731-CFF5-4A70-A89A-9CC8927838DB}
		{00EAD4EB-7CFE-4B57-9A3B-37F94E0D6C9E} = {110F6095-12EA-49E8-A679-156E0D3C3E4A}
		{50533BB3-1077-4E07-90C6-13B2C2F159C8} = {C9661E0D-6828-458B-9961-BB011D5F38CF}
	EndGlobalSection
	GlobalSection(ExtensibilityGlobals) = postSolution
		SolutionGuid = {1F0795F1-5885-4637-8675-5A3762FF641A}
	EndGlobalSection
EndGlobal
